
Microsoft Visual Studio Solution File, Format Version 11.00
# Visual Studio 2010
Project("{FAE04EC0-301F-11D3-BF4B-00C04F79EFBC}") = "AppSettings", "..\..\CoreLibraries\AppSettings\AppSettings.csproj", "{99469857-55B2-4105-96F4-85C1B44E74D6}"
EndProject
Project("{FAE04EC0-301F-11D3-BF4B-00C04F79EFBC}") = "Common", "..\..\CoreLibraries\Common\Common.csproj", "{8C8433D2-2E2C-4A6E-9F3F-82AD7665729F}"
EndProject
Project("{FAE04EC0-301F-11D3-BF4B-00C04F79EFBC}") = "DataAccess", "..\..\CoreLibraries\DataAccess\DataAccess.csproj", "{B18C00DF-61BA-4650-ADC7-D8736741B5B8}"
EndProject
Project("{FAE04EC0-301F-11D3-BF4B-00C04F79EFBC}") = "Exceptions", "..\..\CoreLibraries\Exceptions\Exceptions.csproj", "{D9D2F83F-7A01-4FF1-92CC-6B6241195959}"
EndProject
Project("{FAE04EC0-301F-11D3-BF4B-00C04F79EFBC}") = "FileHelper", "..\..\CoreLibraries\FileHelper\FileHelper.csproj", "{9E94B85F-5E40-4A2B-93A1-007C4FBB58E2}"
EndProject
Project("{FAE04EC0-301F-11D3-BF4B-00C04F79EFBC}") = "Jobs", "..\..\CoreLibraries\Jobs\Jobs.csproj", "{70385CF5-4B52-498F-A2CC-DD6381626E1D}"
EndProject
Project("{FAE04EC0-301F-11D3-BF4B-00C04F79EFBC}") = "JobClasses", "..\..\CoreLibraries\Jobs\JobClasses\JobClasses.csproj", "{B27A78AA-3B56-4176-B3E5-124025684393}"
EndProject
Project("{FAE04EC0-301F-11D3-BF4B-00C04F79EFBC}") = "Logging", "..\..\CoreLibraries\Logging\Logging.csproj", "{E640B94B-2908-4AAD-9F47-00DAFE871902}"
EndProject
Project("{FAE04EC0-301F-11D3-BF4B-00C04F79EFBC}") = "Notifications", "..\..\CoreLibraries\Notifications\Notifications.csproj", "{818FA6B3-06B0-4B0A-84B3-02348904EE64}"
EndProject
Project("{FAE04EC0-301F-11D3-BF4B-00C04F79EFBC}") = "NotificationsUI", "..\..\CoreLibraries\Notifications\NotificationsUI\NotificationsUI.csproj", "{B748FC43-7709-4517-BE51-4FC866CA2C7C}"
EndProject
Project("{FAE04EC0-301F-11D3-BF4B-00C04F79EFBC}") = "Transport", "..\..\CoreLibraries\Transport\Transport.csproj", "{B2439195-5F67-4703-BC15-B544A700143C}"
EndProject
Project("{FAE04EC0-301F-11D3-BF4B-00C04F79EFBC}") = "Workflow", "..\..\CoreLibraries\Workflow\Workflow.csproj", "{5BC86E5F-8852-42E0-A11D-E0C9BCFF0FC8}"
EndProject
Project("{E24C65DC-7377-472B-9ABA-BC803B73C61A}") = "PDMS", "..\..\..\PDMSINT_B1_11_0\PDMS\PDMS\", "{55AF8499-5960-484D-AE2B-F0567F04C338}"
	ProjectSection(WebsiteProperties) = preProject
		TargetFrameworkMoniker = ".NETFramework,Version%3Dv4.0"
		Debug.AspNetCompiler.VirtualPath = "/PDMS"
		Debug.AspNetCompiler.PhysicalPath = "..\..\..\PDMSINT_B1_11_0\PDMS\PDMS\"
		Debug.AspNetCompiler.TargetPath = "PrecompiledWeb\PDMS\"
		Debug.AspNetCompiler.Updateable = "true"
		Debug.AspNetCompiler.ForceOverwrite = "true"
		Debug.AspNetCompiler.FixedNames = "false"
		Debug.AspNetCompiler.Debug = "True"
		Release.AspNetCompiler.VirtualPath = "/PDMS"
		Release.AspNetCompiler.PhysicalPath = "..\..\..\PDMSINT_B1_11_0\PDMS\PDMS\"
		Release.AspNetCompiler.TargetPath = "PrecompiledWeb\PDMS\"
		Release.AspNetCompiler.Updateable = "true"
		Release.AspNetCompiler.ForceOverwrite = "true"
		Release.AspNetCompiler.FixedNames = "false"
		Release.AspNetCompiler.Debug = "False"
		VWDPort = "60076"
	EndProjectSection
EndProject
Project("{FAE04EC0-301F-11D3-BF4B-00C04F79EFBC}") = "ObjectControllers", "..\ObjectControllers\ObjectControllers.csproj", "{9E8FA5ED-C193-4872-AC93-7E4356674B50}"
EndProject
Project("{FAE04EC0-301F-11D3-BF4B-00C04F79EFBC}") = "ObjectLibrary", "..\ObjectLibrary\ObjectLibrary.csproj", "{7AB04DF6-D3F9-49A4-9841-5D216F747ED3}"
EndProject
Project("{FAE04EC0-301F-11D3-BF4B-00C04F79EFBC}") = "PDMSDataExchange", "..\PDMSDataExchange\PDMSDataExchange.csproj", "{6FD99E25-0152-49FF-A48A-395B53AC7E5C}"
EndProject
Project("{FAE04EC0-301F-11D3-BF4B-00C04F79EFBC}") = "PDMSUI", "..\PDMSUI\PDMSUI.csproj", "{C0228766-FBE5-4B58-A004-45F479441E64}"
EndProject
Project("{FAE04EC0-301F-11D3-BF4B-00C04F79EFBC}") = "PDMSWorkflow", "..\PDMSWorkflow\PDMSWorkflow.csproj", "{D90A2FCE-51E5-4B6C-983E-04457426E063}"
EndProject
Project("{FAE04EC0-301F-11D3-BF4B-00C04F79EFBC}") = "ProviderDataManagementSystemService", "..\ProviderDataManagementSystemService\ProviderDataManagementSystemService.csproj", "{0B853E04-F3C6-4E1D-BF73-79FF9BAF1549}"
EndProject
Global
	GlobalSection(SolutionConfigurationPlatforms) = preSolution
		Debug|Any CPU = Debug|Any CPU
		Debug|Mixed Platforms = Debug|Mixed Platforms
		Debug|x86 = Debug|x86
		Release|Any CPU = Release|Any CPU
		Release|Mixed Platforms = Release|Mixed Platforms
		Release|x86 = Release|x86
	EndGlobalSection
	GlobalSection(ProjectConfigurationPlatforms) = postSolution
		{99469857-55B2-4105-96F4-85C1B44E74D6}.Debug|Any CPU.ActiveCfg = Debug|Any CPU
		{99469857-55B2-4105-96F4-85C1B44E74D6}.Debug|Any CPU.Build.0 = Debug|Any CPU
		{99469857-55B2-4105-96F4-85C1B44E74D6}.Debug|Mixed Platforms.ActiveCfg = Debug|Any CPU
		{99469857-55B2-4105-96F4-85C1B44E74D6}.Debug|Mixed Platforms.Build.0 = Debug|Any CPU
		{99469857-55B2-4105-96F4-85C1B44E74D6}.Debug|x86.ActiveCfg = Debug|Any CPU
		{99469857-55B2-4105-96F4-85C1B44E74D6}.Release|Any CPU.ActiveCfg = Release|Any CPU
		{99469857-55B2-4105-96F4-85C1B44E74D6}.Release|Any CPU.Build.0 = Release|Any CPU
		{99469857-55B2-4105-96F4-85C1B44E74D6}.Release|Mixed Platforms.ActiveCfg = Release|Any CPU
		{99469857-55B2-4105-96F4-85C1B44E74D6}.Release|Mixed Platforms.Build.0 = Release|Any CPU
		{99469857-55B2-4105-96F4-85C1B44E74D6}.Release|x86.ActiveCfg = Release|Any CPU
		{8C8433D2-2E2C-4A6E-9F3F-82AD7665729F}.Debug|Any CPU.ActiveCfg = Debug|Any CPU
		{8C8433D2-2E2C-4A6E-9F3F-82AD7665729F}.Debug|Any CPU.Build.0 = Debug|Any CPU
		{8C8433D2-2E2C-4A6E-9F3F-82AD7665729F}.Debug|Mixed Platforms.ActiveCfg = Debug|Any CPU
		{8C8433D2-2E2C-4A6E-9F3F-82AD7665729F}.Debug|Mixed Platforms.Build.0 = Debug|Any CPU
		{8C8433D2-2E2C-4A6E-9F3F-82AD7665729F}.Debug|x86.ActiveCfg = Debug|Any CPU
		{8C8433D2-2E2C-4A6E-9F3F-82AD7665729F}.Release|Any CPU.ActiveCfg = Release|Any CPU
		{8C8433D2-2E2C-4A6E-9F3F-82AD7665729F}.Release|Any CPU.Build.0 = Release|Any CPU
		{8C8433D2-2E2C-4A6E-9F3F-82AD7665729F}.Release|Mixed Platforms.ActiveCfg = Release|Any CPU
		{8C8433D2-2E2C-4A6E-9F3F-82AD7665729F}.Release|Mixed Platforms.Build.0 = Release|Any CPU
		{8C8433D2-2E2C-4A6E-9F3F-82AD7665729F}.Release|x86.ActiveCfg = Release|Any CPU
		{B18C00DF-61BA-4650-ADC7-D8736741B5B8}.Debug|Any CPU.ActiveCfg = Debug|Any CPU
		{B18C00DF-61BA-4650-ADC7-D8736741B5B8}.Debug|Any CPU.Build.0 = Debug|Any CPU
		{B18C00DF-61BA-4650-ADC7-D8736741B5B8}.Debug|Mixed Platforms.ActiveCfg = Debug|Any CPU
		{B18C00DF-61BA-4650-ADC7-D8736741B5B8}.Debug|Mixed Platforms.Build.0 = Debug|Any CPU
		{B18C00DF-61BA-4650-ADC7-D8736741B5B8}.Debug|x86.ActiveCfg = Debug|Any CPU
		{B18C00DF-61BA-4650-ADC7-D8736741B5B8}.Release|Any CPU.ActiveCfg = Release|Any CPU
		{B18C00DF-61BA-4650-ADC7-D8736741B5B8}.Release|Any CPU.Build.0 = Release|Any CPU
		{B18C00DF-61BA-4650-ADC7-D8736741B5B8}.Release|Mixed Platforms.ActiveCfg = Release|Any CPU
		{B18C00DF-61BA-4650-ADC7-D8736741B5B8}.Release|Mixed Platforms.Build.0 = Release|Any CPU
		{B18C00DF-61BA-4650-ADC7-D8736741B5B8}.Release|x86.ActiveCfg = Release|Any CPU
		{D9D2F83F-7A01-4FF1-92CC-6B6241195959}.Debug|Any CPU.ActiveCfg = Debug|Any CPU
		{D9D2F83F-7A01-4FF1-92CC-6B6241195959}.Debug|Any CPU.Build.0 = Debug|Any CPU
		{D9D2F83F-7A01-4FF1-92CC-6B6241195959}.Debug|Mixed Platforms.ActiveCfg = Debug|Any CPU
		{D9D2F83F-7A01-4FF1-92CC-6B6241195959}.Debug|Mixed Platforms.Build.0 = Debug|Any CPU
		{D9D2F83F-7A01-4FF1-92CC-6B6241195959}.Debug|x86.ActiveCfg = Debug|Any CPU
		{D9D2F83F-7A01-4FF1-92CC-6B6241195959}.Release|Any CPU.ActiveCfg = Release|Any CPU
		{D9D2F83F-7A01-4FF1-92CC-6B6241195959}.Release|Any CPU.Build.0 = Release|Any CPU
		{D9D2F83F-7A01-4FF1-92CC-6B6241195959}.Release|Mixed Platforms.ActiveCfg = Release|Any CPU
		{D9D2F83F-7A01-4FF1-92CC-6B6241195959}.Release|Mixed Platforms.Build.0 = Release|Any CPU
		{D9D2F83F-7A01-4FF1-92CC-6B6241195959}.Release|x86.ActiveCfg = Release|Any CPU
		{9E94B85F-5E40-4A2B-93A1-007C4FBB58E2}.Debug|Any CPU.ActiveCfg = Debug|Any CPU
		{9E94B85F-5E40-4A2B-93A1-007C4FBB58E2}.Debug|Any CPU.Build.0 = Debug|Any CPU
		{9E94B85F-5E40-4A2B-93A1-007C4FBB58E2}.Debug|Mixed Platforms.ActiveCfg = Debug|Any CPU
		{9E94B85F-5E40-4A2B-93A1-007C4FBB58E2}.Debug|Mixed Platforms.Build.0 = Debug|Any CPU
		{9E94B85F-5E40-4A2B-93A1-007C4FBB58E2}.Debug|x86.ActiveCfg = Debug|Any CPU
		{9E94B85F-5E40-4A2B-93A1-007C4FBB58E2}.Release|Any CPU.ActiveCfg = Release|Any CPU
		{9E94B85F-5E40-4A2B-93A1-007C4FBB58E2}.Release|Any CPU.Build.0 = Release|Any CPU
		{9E94B85F-5E40-4A2B-93A1-007C4FBB58E2}.Release|Mixed Platforms.ActiveCfg = Release|Any CPU
		{9E94B85F-5E40-4A2B-93A1-007C4FBB58E2}.Release|Mixed Platforms.Build.0 = Release|Any CPU
		{9E94B85F-5E40-4A2B-93A1-007C4FBB58E2}.Release|x86.ActiveCfg = Release|Any CPU
		{70385CF5-4B52-498F-A2CC-DD6381626E1D}.Debug|Any CPU.ActiveCfg = Debug|Any CPU
		{70385CF5-4B52-498F-A2CC-DD6381626E1D}.Debug|Any CPU.Build.0 = Debug|Any CPU
		{70385CF5-4B52-498F-A2CC-DD6381626E1D}.Debug|Mixed Platforms.ActiveCfg = Debug|Any CPU
		{70385CF5-4B52-498F-A2CC-DD6381626E1D}.Debug|Mixed Platforms.Build.0 = Debug|Any CPU
		{70385CF5-4B52-498F-A2CC-DD6381626E1D}.Debug|x86.ActiveCfg = Debug|Any CPU
		{70385CF5-4B52-498F-A2CC-DD6381626E1D}.Release|Any CPU.ActiveCfg = Release|Any CPU
		{70385CF5-4B52-498F-A2CC-DD6381626E1D}.Release|Any CPU.Build.0 = Release|Any CPU
		{70385CF5-4B52-498F-A2CC-DD6381626E1D}.Release|Mixed Platforms.ActiveCfg = Release|Any CPU
		{70385CF5-4B52-498F-A2CC-DD6381626E1D}.Release|Mixed Platforms.Build.0 = Release|Any CPU
		{70385CF5-4B52-498F-A2CC-DD6381626E1D}.Release|x86.ActiveCfg = Release|Any CPU
		{B27A78AA-3B56-4176-B3E5-124025684393}.Debug|Any CPU.ActiveCfg = Debug|Any CPU
		{B27A78AA-3B56-4176-B3E5-124025684393}.Debug|Any CPU.Build.0 = Debug|Any CPU
		{B27A78AA-3B56-4176-B3E5-124025684393}.Debug|Mixed Platforms.ActiveCfg = Debug|Any CPU
		{B27A78AA-3B56-4176-B3E5-124025684393}.Debug|Mixed Platforms.Build.0 = Debug|Any CPU
		{B27A78AA-3B56-4176-B3E5-124025684393}.Debug|x86.ActiveCfg = Debug|Any CPU
		{B27A78AA-3B56-4176-B3E5-124025684393}.Release|Any CPU.ActiveCfg = Release|Any CPU
		{B27A78AA-3B56-4176-B3E5-124025684393}.Release|Any CPU.Build.0 = Release|Any CPU
		{B27A78AA-3B56-4176-B3E5-124025684393}.Release|Mixed Platforms.ActiveCfg = Release|Any CPU
		{B27A78AA-3B56-4176-B3E5-124025684393}.Release|Mixed Platforms.Build.0 = Release|Any CPU
		{B27A78AA-3B56-4176-B3E5-124025684393}.Release|x86.ActiveCfg = Release|Any CPU
		{E640B94B-2908-4AAD-9F47-00DAFE871902}.Debug|Any CPU.ActiveCfg = Debug|Any CPU
		{E640B94B-2908-4AAD-9F47-00DAFE871902}.Debug|Any CPU.Build.0 = Debug|Any CPU
		{E640B94B-2908-4AAD-9F47-00DAFE871902}.Debug|Mixed Platforms.ActiveCfg = Debug|Any CPU
		{E640B94B-2908-4AAD-9F47-00DAFE871902}.Debug|Mixed Platforms.Build.0 = Debug|Any CPU
		{E640B94B-2908-4AAD-9F47-00DAFE871902}.Debug|x86.ActiveCfg = Debug|Any CPU
		{E640B94B-2908-4AAD-9F47-00DAFE871902}.Release|Any CPU.ActiveCfg = Release|Any CPU
		{E640B94B-2908-4AAD-9F47-00DAFE871902}.Release|Any CPU.Build.0 = Release|Any CPU
		{E640B94B-2908-4AAD-9F47-00DAFE871902}.Release|Mixed Platforms.ActiveCfg = Release|Any CPU
		{E640B94B-2908-4AAD-9F47-00DAFE871902}.Release|Mixed Platforms.Build.0 = Release|Any CPU
		{E640B94B-2908-4AAD-9F47-00DAFE871902}.Release|x86.ActiveCfg = Release|Any CPU
		{818FA6B3-06B0-4B0A-84B3-02348904EE64}.Debug|Any CPU.ActiveCfg = Debug|Any CPU
		{818FA6B3-06B0-4B0A-84B3-02348904EE64}.Debug|Any CPU.Build.0 = Debug|Any CPU
		{818FA6B3-06B0-4B0A-84B3-02348904EE64}.Debug|Mixed Platforms.ActiveCfg = Debug|Any CPU
		{818FA6B3-06B0-4B0A-84B3-02348904EE64}.Debug|Mixed Platforms.Build.0 = Debug|Any CPU
		{818FA6B3-06B0-4B0A-84B3-02348904EE64}.Debug|x86.ActiveCfg = Debug|Any CPU
		{818FA6B3-06B0-4B0A-84B3-02348904EE64}.Release|Any CPU.ActiveCfg = Release|Any CPU
		{818FA6B3-06B0-4B0A-84B3-02348904EE64}.Release|Any CPU.Build.0 = Release|Any CPU
		{818FA6B3-06B0-4B0A-84B3-02348904EE64}.Release|Mixed Platforms.ActiveCfg = Release|Any CPU
		{818FA6B3-06B0-4B0A-84B3-02348904EE64}.Release|Mixed Platforms.Build.0 = Release|Any CPU
		{818FA6B3-06B0-4B0A-84B3-02348904EE64}.Release|x86.ActiveCfg = Release|Any CPU
		{B748FC43-7709-4517-BE51-4FC866CA2C7C}.Debug|Any CPU.ActiveCfg = Debug|x86
		{B748FC43-7709-4517-BE51-4FC866CA2C7C}.Debug|Mixed Platforms.ActiveCfg = Debug|x86
		{B748FC43-7709-4517-BE51-4FC866CA2C7C}.Debug|Mixed Platforms.Build.0 = Debug|x86
		{B748FC43-7709-4517-BE51-4FC866CA2C7C}.Debug|x86.ActiveCfg = Debug|x86
		{B748FC43-7709-4517-BE51-4FC866CA2C7C}.Debug|x86.Build.0 = Debug|x86
		{B748FC43-7709-4517-BE51-4FC866CA2C7C}.Release|Any CPU.ActiveCfg = Release|x86
		{B748FC43-7709-4517-BE51-4FC866CA2C7C}.Release|Mixed Platforms.ActiveCfg = Release|x86
		{B748FC43-7709-4517-BE51-4FC866CA2C7C}.Release|Mixed Platforms.Build.0 = Release|x86
		{B748FC43-7709-4517-BE51-4FC866CA2C7C}.Release|x86.ActiveCfg = Release|x86
		{B748FC43-7709-4517-BE51-4FC866CA2C7C}.Release|x86.Build.0 = Release|x86
		{B2439195-5F67-4703-BC15-B544A700143C}.Debug|Any CPU.ActiveCfg = Debug|Any CPU
		{B2439195-5F67-4703-BC15-B544A700143C}.Debug|Any CPU.Build.0 = Debug|Any CPU
		{B2439195-5F67-4703-BC15-B544A700143C}.Debug|Mixed Platforms.ActiveCfg = Debug|Any CPU
		{B2439195-5F67-4703-BC15-B544A700143C}.Debug|Mixed Platforms.Build.0 = Debug|Any CPU
		{B2439195-5F67-4703-BC15-B544A700143C}.Debug|x86.ActiveCfg = Debug|Any CPU
		{B2439195-5F67-4703-BC15-B544A700143C}.Release|Any CPU.ActiveCfg = Release|Any CPU
		{B2439195-5F67-4703-BC15-B544A700143C}.Release|Any CPU.Build.0 = Release|Any CPU
		{B2439195-5F67-4703-BC15-B544A700143C}.Release|Mixed Platforms.ActiveCfg = Release|Any CPU
		{B2439195-5F67-4703-BC15-B544A700143C}.Release|Mixed Platforms.Build.0 = Release|Any CPU
		{B2439195-5F67-4703-BC15-B544A700143C}.Release|x86.ActiveCfg = Release|Any CPU
		{5BC86E5F-8852-42E0-A11D-E0C9BCFF0FC8}.Debug|Any CPU.ActiveCfg = Debug|Any CPU
		{5BC86E5F-8852-42E0-A11D-E0C9BCFF0FC8}.Debug|Any CPU.Build.0 = Debug|Any CPU
		{5BC86E5F-8852-42E0-A11D-E0C9BCFF0FC8}.Debug|Mixed Platforms.ActiveCfg = Debug|Any CPU
		{5BC86E5F-8852-42E0-A11D-E0C9BCFF0FC8}.Debug|Mixed Platforms.Build.0 = Debug|Any CPU
		{5BC86E5F-8852-42E0-A11D-E0C9BCFF0FC8}.Debug|x86.ActiveCfg = Debug|x86
		{5BC86E5F-8852-42E0-A11D-E0C9BCFF0FC8}.Debug|x86.Build.0 = Debug|x86
		{5BC86E5F-8852-42E0-A11D-E0C9BCFF0FC8}.Release|Any CPU.ActiveCfg = Release|Any CPU
		{5BC86E5F-8852-42E0-A11D-E0C9BCFF0FC8}.Release|Any CPU.Build.0 = Release|Any CPU
		{5BC86E5F-8852-42E0-A11D-E0C9BCFF0FC8}.Release|Mixed Platforms.ActiveCfg = Release|Any CPU
		{5BC86E5F-8852-42E0-A11D-E0C9BCFF0FC8}.Release|Mixed Platforms.Build.0 = Release|Any CPU
		{5BC86E5F-8852-42E0-A11D-E0C9BCFF0FC8}.Release|x86.ActiveCfg = Release|x86
		{5BC86E5F-8852-42E0-A11D-E0C9BCFF0FC8}.Release|x86.Build.0 = Release|x86
		{55AF8499-5960-484D-AE2B-F0567F04C338}.Debug|Any CPU.ActiveCfg = Debug|Any CPU
		{55AF8499-5960-484D-AE2B-F0567F04C338}.Debug|Any CPU.Build.0 = Debug|Any CPU
		{55AF8499-5960-484D-AE2B-F0567F04C338}.Debug|Mixed Platforms.ActiveCfg = Debug|Any CPU
		{55AF8499-5960-484D-AE2B-F0567F04C338}.Debug|Mixed Platforms.Build.0 = Debug|Any CPU
		{55AF8499-5960-484D-AE2B-F0567F04C338}.Debug|x86.ActiveCfg = Debug|Any CPU
		{55AF8499-5960-484D-AE2B-F0567F04C338}.Release|Any CPU.ActiveCfg = Debug|Any CPU
		{55AF8499-5960-484D-AE2B-F0567F04C338}.Release|Any CPU.Build.0 = Debug|Any CPU
		{55AF8499-5960-484D-AE2B-F0567F04C338}.Release|Mixed Platforms.ActiveCfg = Debug|Any CPU
		{55AF8499-5960-484D-AE2B-F0567F04C338}.Release|Mixed Platforms.Build.0 = Debug|Any CPU
		{55AF8499-5960-484D-AE2B-F0567F04C338}.Release|x86.ActiveCfg = Debug|Any CPU
		{9E8FA5ED-C193-4872-AC93-7E4356674B50}.Debug|Any CPU.ActiveCfg = Debug|Any CPU
		{9E8FA5ED-C193-4872-AC93-7E4356674B50}.Debug|Any CPU.Build.0 = Debug|Any CPU
		{9E8FA5ED-C193-4872-AC93-7E4356674B50}.Debug|Mixed Platforms.ActiveCfg = Debug|Any CPU
		{9E8FA5ED-C193-4872-AC93-7E4356674B50}.Debug|Mixed Platforms.Build.0 = Debug|Any CPU
		{9E8FA5ED-C193-4872-AC93-7E4356674B50}.Debug|x86.ActiveCfg = Debug|Any CPU
		{9E8FA5ED-C193-4872-AC93-7E4356674B50}.Release|Any CPU.ActiveCfg = Release|Any CPU
		{9E8FA5ED-C193-4872-AC93-7E4356674B50}.Release|Any CPU.Build.0 = Release|Any CPU
		{9E8FA5ED-C193-4872-AC93-7E4356674B50}.Release|Mixed Platforms.ActiveCfg = Release|Any CPU
		{9E8FA5ED-C193-4872-AC93-7E4356674B50}.Release|Mixed Platforms.Build.0 = Release|Any CPU
		{9E8FA5ED-C193-4872-AC93-7E4356674B50}.Release|x86.ActiveCfg = Release|Any CPU
		{7AB04DF6-D3F9-49A4-9841-5D216F747ED3}.Debug|Any CPU.ActiveCfg = Debug|Any CPU
		{7AB04DF6-D3F9-49A4-9841-5D216F747ED3}.Debug|Any CPU.Build.0 = Debug|Any CPU
		{7AB04DF6-D3F9-49A4-9841-5D216F747ED3}.Debug|Mixed Platforms.ActiveCfg = Debug|Any CPU
		{7AB04DF6-D3F9-49A4-9841-5D216F747ED3}.Debug|Mixed Platforms.Build.0 = Debug|Any CPU
		{7AB04DF6-D3F9-49A4-9841-5D216F747ED3}.Debug|x86.ActiveCfg = Debug|Any CPU
		{7AB04DF6-D3F9-49A4-9841-5D216F747ED3}.Release|Any CPU.ActiveCfg = Release|Any CPU
		{7AB04DF6-D3F9-49A4-9841-5D216F747ED3}.Release|Any CPU.Build.0 = Release|Any CPU
		{7AB04DF6-D3F9-49A4-9841-5D216F747ED3}.Release|Mixed Platforms.ActiveCfg = Release|Any CPU
		{7AB04DF6-D3F9-49A4-9841-5D216F747ED3}.Release|Mixed Platforms.Build.0 = Release|Any CPU
		{7AB04DF6-D3F9-49A4-9841-5D216F747ED3}.Release|x86.ActiveCfg = Release|Any CPU
		{6FD99E25-0152-49FF-A48A-395B53AC7E5C}.Debug|Any CPU.ActiveCfg = Debug|Any CPU
		{6FD99E25-0152-49FF-A48A-395B53AC7E5C}.Debug|Any CPU.Build.0 = Debug|Any CPU
		{6FD99E25-0152-49FF-A48A-395B53AC7E5C}.Debug|Mixed Platforms.ActiveCfg = Debug|Any CPU
		{6FD99E25-0152-49FF-A48A-395B53AC7E5C}.Debug|Mixed Platforms.Build.0 = Debug|Any CPU
		{6FD99E25-0152-49FF-A48A-395B53AC7E5C}.Debug|x86.ActiveCfg = Debug|Any CPU
		{6FD99E25-0152-49FF-A48A-395B53AC7E5C}.Release|Any CPU.ActiveCfg = Release|Any CPU
		{6FD99E25-0152-49FF-A48A-395B53AC7E5C}.Release|Any CPU.Build.0 = Release|Any CPU
		{6FD99E25-0152-49FF-A48A-395B53AC7E5C}.Release|Mixed Platforms.ActiveCfg = Release|Any CPU
		{6FD99E25-0152-49FF-A48A-395B53AC7E5C}.Release|Mixed Platforms.Build.0 = Release|Any CPU
		{6FD99E25-0152-49FF-A48A-395B53AC7E5C}.Release|x86.ActiveCfg = Release|Any CPU
		{C0228766-FBE5-4B58-A004-45F479441E64}.Debug|Any CPU.ActiveCfg = Debug|x86
		{C0228766-FBE5-4B58-A004-45F479441E64}.Debug|Mixed Platforms.ActiveCfg = Debug|x86
		{C0228766-FBE5-4B58-A004-45F479441E64}.Debug|Mixed Platforms.Build.0 = Debug|x86
		{C0228766-FBE5-4B58-A004-45F479441E64}.Debug|x86.ActiveCfg = Debug|x86
		{C0228766-FBE5-4B58-A004-45F479441E64}.Debug|x86.Build.0 = Debug|x86
		{C0228766-FBE5-4B58-A004-45F479441E64}.Release|Any CPU.ActiveCfg = Release|x86
		{C0228766-FBE5-4B58-A004-45F479441E64}.Release|Mixed Platforms.ActiveCfg = Release|x86
		{C0228766-FBE5-4B58-A004-45F479441E64}.Release|Mixed Platforms.Build.0 = Release|x86
		{C0228766-FBE5-4B58-A004-45F479441E64}.Release|x86.ActiveCfg = Release|x86
		{C0228766-FBE5-4B58-A004-45F479441E64}.Release|x86.Build.0 = Release|x86
		{D90A2FCE-51E5-4B6C-983E-04457426E063}.Debug|Any CPU.ActiveCfg = Debug|Any CPU
		{D90A2FCE-51E5-4B6C-983E-04457426E063}.Debug|Any CPU.Build.0 = Debug|Any CPU
		{D90A2FCE-51E5-4B6C-983E-04457426E063}.Debug|Mixed Platforms.ActiveCfg = Debug|Any CPU
		{D90A2FCE-51E5-4B6C-983E-04457426E063}.Debug|Mixed Platforms.Build.0 = Debug|Any CPU
		{D90A2FCE-51E5-4B6C-983E-04457426E063}.Debug|x86.ActiveCfg = Debug|Any CPU
		{D90A2FCE-51E5-4B6C-983E-04457426E063}.Release|Any CPU.ActiveCfg = Release|Any CPU
		{D90A2FCE-51E5-4B6C-983E-04457426E063}.Release|Any CPU.Build.0 = Release|Any CPU
		{D90A2FCE-51E5-4B6C-983E-04457426E063}.Release|Mixed Platforms.ActiveCfg = Release|Any CPU
		{D90A2FCE-51E5-4B6C-983E-04457426E063}.Release|Mixed Platforms.Build.0 = Release|Any CPU
		{D90A2FCE-51E5-4B6C-983E-04457426E063}.Release|x86.ActiveCfg = Release|Any CPU
		{0B853E04-F3C6-4E1D-BF73-79FF9BAF1549}.Debug|Any CPU.ActiveCfg = Debug|Any CPU
		{0B853E04-F3C6-4E1D-BF73-79FF9BAF1549}.Debug|Any CPU.Build.0 = Debug|Any CPU
		{0B853E04-F3C6-4E1D-BF73-79FF9BAF1549}.Debug|Mixed Platforms.ActiveCfg = Debug|Any CPU
		{0B853E04-F3C6-4E1D-BF73-79FF9BAF1549}.Debug|Mixed Platforms.Build.0 = Debug|Any CPU
		{0B853E04-F3C6-4E1D-BF73-79FF9BAF1549}.Debug|x86.ActiveCfg = Debug|Any CPU
		{0B853E04-F3C6-4E1D-BF73-79FF9BAF1549}.Release|Any CPU.ActiveCfg = Release|Any CPU
		{0B853E04-F3C6-4E1D-BF73-79FF9BAF1549}.Release|Any CPU.Build.0 = Release|Any CPU
		{0B853E04-F3C6-4E1D-BF73-79FF9BAF1549}.Release|Mixed Platforms.ActiveCfg = Release|Any CPU
		{0B853E04-F3C6-4E1D-BF73-79FF9BAF1549}.Release|Mixed Platforms.Build.0 = Release|Any CPU
		{0B853E04-F3C6-4E1D-BF73-79FF9BAF1549}.Release|x86.ActiveCfg = Release|Any CPU
	EndGlobalSection
	GlobalSection(SolutionProperties) = preSolution
		HideSolutionNode = FALSE
	EndGlobalSection
EndGlobal
