
Microsoft Visual Studio Solution File, Format Version 12.00
# Visual Studio Version 17
VisualStudioVersion = 17.14.36408.4 d17.14
MinimumVisualStudioVersion = 10.0.40219.1
Project("{FAE04EC0-301F-11D3-BF4B-00C04F79EFBC}") = "GenerateAgreementPDFService", "GenerateAgreementPDFService\GenerateAgreementPDFService.csproj", "{BAE984F8-48A6-4DAA-9314-2097D45F60D0}"
EndProject
Global
	GlobalSection(SolutionConfigurationPlatforms) = preSolution
		Debug|Any CPU = Debug|Any CPU
		Release|Any CPU = Release|Any CPU
	EndGlobalSection
	GlobalSection(ProjectConfigurationPlatforms) = postSolution
		{BAE984F8-48A6-4DAA-9314-2097D45F60D0}.Debug|Any CPU.ActiveCfg = Debug|Any CPU
		{BAE984F8-48A6-4DAA-9314-2097D45F60D0}.Debug|Any CPU.Build.0 = Debug|Any CPU
		{BAE984F8-48A6-4DAA-9314-2097D45F60D0}.Release|Any CPU.ActiveCfg = Release|Any CPU
		{BAE984F8-48A6-4DAA-9314-2097D45F60D0}.Release|Any CPU.Build.0 = Release|Any CPU
	EndGlobalSection
	GlobalSection(SolutionProperties) = preSolution
		HideSolutionNode = FALSE
	EndGlobalSection
	GlobalSection(ExtensibilityGlobals) = postSolution
		SolutionGuid = {A1E6A126-6F75-4D78-9D21-38B0E3D36690}
	EndGlobalSection
EndGlobal
